
Microsoft Visual Studio Solution File, Format Version 12.00
# Visual Studio 15
VisualStudioVersion = 15.0.28307.1684
MinimumVisualStudioVersion = 10.0.40219.1
Project("{FAE04EC0-301F-11D3-BF4B-00C04F79EFBC}") = "WindowsFormsApp1", "WindowsFormsApp1\WindowsFormsApp1.csproj", "{DC8F80AD-FB36-4383-B614-BE83872BE0EC}"
EndProject
Global
	GlobalSection(SolutionConfigurationPlatforms) = preSolution
		Debug|Any CPU = Debug|Any CPU
		Release|Any CPU = Release|Any CPU
	EndGlobalSection
	GlobalSection(ProjectConfigurationPlatforms) = postSolution
		{DC8F80AD-FB36-4383-B614-BE83872BE0EC}.Debug|Any CPU.ActiveCfg = Debug|Any CPU
		{DC8F80AD-FB36-4383-B614-BE83872BE0EC}.Debug|Any CPU.Build.0 = Debug|Any CPU
		{DC8F80AD-FB36-4383-B614-BE83872BE0EC}.Release|Any CPU.ActiveCfg = Release|Any CPU
		{DC8F80AD-FB36-4383-B614-BE83872BE0EC}.Release|Any CPU.Build.0 = Release|Any CPU
	EndGlobalSection
	GlobalSection(SolutionProperties) = preSolution
		HideSolutionNode = FALSE
	EndGlobalSection
	GlobalSection(ExtensibilityGlobals) = postSolution
		SolutionGuid = {C59162C5-BF59-4FA5-9904-CF0116435AE9}
	EndGlobalSection
EndGlobal
